<?xml version="1.0" encoding="utf-8"?>
<Project ToolsVersion="4.0" xmlns="http://schemas.microsoft.com/developer/msbuild/2003">
  <ItemGroup>
    <Filter Include="Source Files">
      <UniqueIdentifier>{4FC737F1-C7A5-4376-A066-2A32D752A2FF}</UniqueIdentifier>
      <Extensions>cpp;c;cc;cxx;def;odl;idl;hpj;bat;asm;asmx</Extensions>
    </Filter>
    <Filter Include="Header Files">
      <UniqueIdentifier>{93995380-89BD-4b04-88EB-625FBE52EBFB}</UniqueIdentifier>
      <Extensions>h;hpp;hxx;hm;inl;inc;xsd</Extensions>
    </Filter>
    <Filter Include="Resource Files">
      <UniqueIdentifier>{67DA6AB6-F800-4c08-8B7A-83BB121AAD01}</UniqueIdentifier>
      <Extensions>rc;ico;cur;bmp;dlg;rc2;rct;bin;rgs;gif;jpg;jpeg;jpe;resx;tiff;tif;png;wav;mfcribbon-ms</Extensions>
    </Filter>
  </ItemGroup>
  <ItemGroup>
    <ClCompile Include="applychanges.cpp">
      <Filter>Source Files</Filter>
    </ClCompile>
    <ClCompile Include="cpencilfuncs.cpp">
      <Filter>Source Files</Filter>
    </ClCompile>
    <ClCompile Include="errorhandler.cpp">
      <Filter>Source Files</Filter>
    </ClCompile>
    <ClCompile Include="externalmessaging.cpp">
      <Filter>Source Files</Filter>
    </ClCompile>
    <ClCompile Include="find.cpp">
      <Filter>Source Files</Filter>
    </ClCompile>
    <ClCompile Include="finddlg.cpp">
      <Filter>Source Files</Filter>
    </ClCompile>
    <ClCompile Include="headerdlg.cpp">
      <Filter>Source Files</Filter>
    </ClCompile>
    <ClCompile Include="loader.cpp">
      <Filter>Source Files</Filter>
    </ClCompile>
    <ClCompile Include="maindialog.cpp">
      <Filter>Source Files</Filter>
    </ClCompile>
    <ClCompile Include="modifyfilestructure.cpp">
      <Filter>Source Files</Filter>
    </ClCompile>
    <ClCompile Include="pencil.cpp">
      <Filter>Source Files</Filter>
    </ClCompile>
    <ClCompile Include="plugins.cpp">
      <Filter>Source Files</Filter>
    </ClCompile>
    <ClCompile Include="quaddisplay.cpp">
      <Filter>Source Files</Filter>
    </ClCompile>
    <ClCompile Include="quads.cpp">
      <Filter>Source Files</Filter>
    </ClCompile>
    <ClCompile Include="quadstring.cpp">
      <Filter>Source Files</Filter>
    </ClCompile>
    <ClCompile Include="referencedialog.cpp">
      <Filter>Source Files</Filter>
    </ClCompile>
    <ClCompile Include="references.cpp">
      <Filter>Source Files</Filter>
    </ClCompile>
    <ClCompile Include="saver.cpp">
      <Filter>Source Files</Filter>
    </ClCompile>
    <ClCompile Include="sections.cpp">
      <Filter>Source Files</Filter>
    </ClCompile>
    <ClCompile Include="sectns.cpp">
      <Filter>Source Files</Filter>
    </ClCompile>
    <ClCompile Include="sorter.cpp">
      <Filter>Source Files</Filter>
    </ClCompile>
    <ClCompile Include="usefulfuncs.cpp">
      <Filter>Source Files</Filter>
    </ClCompile>
    <ClCompile Include="viewhexdlg.cpp">
      <Filter>Source Files</Filter>
    </ClCompile>
  </ItemGroup>
  <ItemGroup>
    <ClInclude Include="3dmmclass.h">
      <Filter>Header Files</Filter>
    </ClInclude>
    <ClInclude Include="decompproxy.h">
      <Filter>Header Files</Filter>
    </ClInclude>
    <ClInclude Include="dialogcontrols.h">
      <Filter>Header Files</Filter>
    </ClInclude>
    <ClInclude Include="editstructs.h">
      <Filter>Header Files</Filter>
    </ClInclude>
    <ClInclude Include="externalmessaging.h">
      <Filter>Header Files</Filter>
    </ClInclude>
    <ClInclude Include="extmessages.h">
      <Filter>Header Files</Filter>
    </ClInclude>
    <ClInclude Include="fileformatstructs.h">
      <Filter>Header Files</Filter>
    </ClInclude>
    <ClInclude Include="find.h">
      <Filter>Header Files</Filter>
    </ClInclude>
    <ClInclude Include="globalconstants.h">
      <Filter>Header Files</Filter>
    </ClInclude>
    <ClInclude Include="hex.h">
      <Filter>Header Files</Filter>
    </ClInclude>
    <ClInclude Include="loader.h">
      <Filter>Header Files</Filter>
    </ClInclude>
    <ClInclude Include="pclasserrors.h">
      <Filter>Header Files</Filter>
    </ClInclude>
    <ClInclude Include="pencil.h">
      <Filter>Header Files</Filter>
    </ClInclude>
    <ClInclude Include="pencilclass.h">
      <Filter>Header Files</Filter>
    </ClInclude>
    <ClInclude Include="plugins.h">
      <Filter>Header Files</Filter>
    </ClInclude>
    <ClInclude Include="resource.h">
      <Filter>Header Files</Filter>
    </ClInclude>
    <ClInclude Include="sortfind.h">
      <Filter>Header Files</Filter>
    </ClInclude>
    <ClInclude Include="usefulfuncs.h">
      <Filter>Header Files</Filter>
    </ClInclude>
  </ItemGroup>
  <ItemGroup>
    <ResourceCompile Include="resource.rc">
      <Filter>Resource Files</Filter>
    </ResourceCompile>
  </ItemGroup>
</Project>